
Microsoft Visual Studio Solution File, Format Version 12.00
# Visual Studio Version 17
VisualStudioVersion = 17.4.33213.308
MinimumVisualStudioVersion = 10.0.40219.1
Project("{FAE04EC0-301F-11D3-BF4B-00C04F79EFBC}") = "EF.UI", "EF.UI\EF.UI.csproj", "{403F6739-49CD-4319-AB87-AD7F36EE4123}"
EndProject
Project("{FAE04EC0-301F-11D3-BF4B-00C04F79EFBC}") = "EF.Data", "EF.Data\EF.Data.csproj", "{59C019B9-1A19-4956-BDD4-00C52C108B90}"
EndProject
Project("{FAE04EC0-301F-11D3-BF4B-00C04F79EFBC}") = "EF.Entities", "EF.Entities\EF.Entities.csproj", "{DA50C1B1-5811-408B-BC7E-F6CFF55B7D34}"
EndProject
Project("{FAE04EC0-301F-11D3-BF4B-00C04F79EFBC}") = "EF.Logic", "EF.Logic\EF.Logic.csproj", "{5ADCF5CA-9646-4D97-ACF2-CE702B9A4B2B}"
EndProject
Project("{FAE04EC0-301F-11D3-BF4B-00C04F79EFBC}") = "C.Exceptions", "Public\C.Exceptions.csproj", "{0C11698E-5C46-44D5-8A84-03CA0FA7E53C}"
EndProject
Project("{FAE04EC0-301F-11D3-BF4B-00C04F79EFBC}") = "MVC", "MVC\MVC.csproj", "{CA7F940A-1F57-41CA-A885-4CD75478B1B4}"
EndProject
Project("{FAE04EC0-301F-11D3-BF4B-00C04F79EFBC}") = "WebApi", "WebApi\WebApi.csproj", "{EBE54EE6-C373-4C1B-A53A-2F321B0A9493}"
EndProject
Project("{FAE04EC0-301F-11D3-BF4B-00C04F79EFBC}") = "WebAPIservice", "WebAPIservice\WebAPIservice.csproj", "{863A9AFE-A9D5-4D1D-B91E-4DBE30260DB8}"
EndProject
Global
	GlobalSection(SolutionConfigurationPlatforms) = preSolution
		Debug|Any CPU = Debug|Any CPU
		Release|Any CPU = Release|Any CPU
	EndGlobalSection
	GlobalSection(ProjectConfigurationPlatforms) = postSolution
		{403F6739-49CD-4319-AB87-AD7F36EE4123}.Debug|Any CPU.ActiveCfg = Debug|Any CPU
		{403F6739-49CD-4319-AB87-AD7F36EE4123}.Debug|Any CPU.Build.0 = Debug|Any CPU
		{403F6739-49CD-4319-AB87-AD7F36EE4123}.Release|Any CPU.ActiveCfg = Release|Any CPU
		{403F6739-49CD-4319-AB87-AD7F36EE4123}.Release|Any CPU.Build.0 = Release|Any CPU
		{59C019B9-1A19-4956-BDD4-00C52C108B90}.Debug|Any CPU.ActiveCfg = Debug|Any CPU
		{59C019B9-1A19-4956-BDD4-00C52C108B90}.Debug|Any CPU.Build.0 = Debug|Any CPU
		{59C019B9-1A19-4956-BDD4-00C52C108B90}.Release|Any CPU.ActiveCfg = Release|Any CPU
		{59C019B9-1A19-4956-BDD4-00C52C108B90}.Release|Any CPU.Build.0 = Release|Any CPU
		{DA50C1B1-5811-408B-BC7E-F6CFF55B7D34}.Debug|Any CPU.ActiveCfg = Debug|Any CPU
		{DA50C1B1-5811-408B-BC7E-F6CFF55B7D34}.Debug|Any CPU.Build.0 = Debug|Any CPU
		{DA50C1B1-5811-408B-BC7E-F6CFF55B7D34}.Release|Any CPU.ActiveCfg = Release|Any CPU
		{DA50C1B1-5811-408B-BC7E-F6CFF55B7D34}.Release|Any CPU.Build.0 = Release|Any CPU
		{5ADCF5CA-9646-4D97-ACF2-CE702B9A4B2B}.Debug|Any CPU.ActiveCfg = Debug|Any CPU
		{5ADCF5CA-9646-4D97-ACF2-CE702B9A4B2B}.Debug|Any CPU.Build.0 = Debug|Any CPU
		{5ADCF5CA-9646-4D97-ACF2-CE702B9A4B2B}.Release|Any CPU.ActiveCfg = Release|Any CPU
		{5ADCF5CA-9646-4D97-ACF2-CE702B9A4B2B}.Release|Any CPU.Build.0 = Release|Any CPU
		{0C11698E-5C46-44D5-8A84-03CA0FA7E53C}.Debug|Any CPU.ActiveCfg = Debug|Any CPU
		{0C11698E-5C46-44D5-8A84-03CA0FA7E53C}.Debug|Any CPU.Build.0 = Debug|Any CPU
		{0C11698E-5C46-44D5-8A84-03CA0FA7E53C}.Release|Any CPU.ActiveCfg = Release|Any CPU
		{0C11698E-5C46-44D5-8A84-03CA0FA7E53C}.Release|Any CPU.Build.0 = Release|Any CPU
		{CA7F940A-1F57-41CA-A885-4CD75478B1B4}.Debug|Any CPU.ActiveCfg = Debug|Any CPU
		{CA7F940A-1F57-41CA-A885-4CD75478B1B4}.Debug|Any CPU.Build.0 = Debug|Any CPU
		{CA7F940A-1F57-41CA-A885-4CD75478B1B4}.Release|Any CPU.ActiveCfg = Release|Any CPU
		{CA7F940A-1F57-41CA-A885-4CD75478B1B4}.Release|Any CPU.Build.0 = Release|Any CPU
		{EBE54EE6-C373-4C1B-A53A-2F321B0A9493}.Debug|Any CPU.ActiveCfg = Debug|Any CPU
		{EBE54EE6-C373-4C1B-A53A-2F321B0A9493}.Debug|Any CPU.Build.0 = Debug|Any CPU
		{EBE54EE6-C373-4C1B-A53A-2F321B0A9493}.Release|Any CPU.ActiveCfg = Release|Any CPU
		{EBE54EE6-C373-4C1B-A53A-2F321B0A9493}.Release|Any CPU.Build.0 = Release|Any CPU
		{863A9AFE-A9D5-4D1D-B91E-4DBE30260DB8}.Debug|Any CPU.ActiveCfg = Debug|Any CPU
		{863A9AFE-A9D5-4D1D-B91E-4DBE30260DB8}.Debug|Any CPU.Build.0 = Debug|Any CPU
		{863A9AFE-A9D5-4D1D-B91E-4DBE30260DB8}.Release|Any CPU.ActiveCfg = Release|Any CPU
		{863A9AFE-A9D5-4D1D-B91E-4DBE30260DB8}.Release|Any CPU.Build.0 = Release|Any CPU
	EndGlobalSection
	GlobalSection(SolutionProperties) = preSolution
		HideSolutionNode = FALSE
	EndGlobalSection
	GlobalSection(ExtensibilityGlobals) = postSolution
		SolutionGuid = {A0B11A00-2677-4792-A27A-2BBD4781B15A}
	EndGlobalSection
EndGlobal
